{
  "name": "List_1",
  "lockfileVersion": 2,
  "requires": true,
  "packages": {
    "": {
      "dependencies": {
        "csv-parser": "^3.0.0",
        "fastpriorityqueue": "^0.7.4"
      }
    },
    "node_modules/csv-parser": {
      "version": "3.0.0",
      "resolved": "https://registry.npmjs.org/csv-parser/-/csv-parser-3.0.0.tgz",
      "integrity": "sha512-s6OYSXAK3IdKqYO33y09jhypG/bSDHPuyCme/IdEHfWpLf/jKcpitVFyOC6UemgGk8v7Q5u2XE0vvwmanxhGlQ==",
      "dependencies": {
        "minimist": "^1.2.0"
      },
      "bin": {
        "csv-parser": "bin/csv-parser"
      },
      "engines": {
        "node": ">= 10"
      }
    },
    "node_modules/fastpriorityqueue": {
      "version": "0.7.4",
      "resolved": "https://registry.npmjs.org/fastpriorityqueue/-/fastpriorityqueue-0.7.4.tgz",
      "integrity": "sha512-u7o5oa9R7CMOHo2i8P2/T2nRg5bg/0dDegDSJVzkVkMf/A318LNnujNLfpxlJeXUdDAefrVPqsDV624vUyxNfA=="
    },
    "node_modules/minimist": {
      "version": "1.2.8",
      "resolved": "https://registry.npmjs.org/minimist/-/minimist-1.2.8.tgz",
      "integrity": "sha512-2yyAR8qBkN3YuheJanUpWC5U3bb5osDywNB8RzDVlDwDHbocAJveqqj1u8+SVD7jkWT4yvsHCpWqqWqAxb0zCA==",
      "funding": {
        "url": "https://github.com/sponsors/ljharb"
      }
    }
  },
  "dependencies": {
    "csv-parser": {
      "version": "3.0.0",
      "resolved": "https://registry.npmjs.org/csv-parser/-/csv-parser-3.0.0.tgz",
      "integrity": "sha512-s6OYSXAK3IdKqYO33y09jhypG/bSDHPuyCme/IdEHfWpLf/jKcpitVFyOC6UemgGk8v7Q5u2XE0vvwmanxhGlQ==",
      "requires": {
        "minimist": "^1.2.0"
      }
    },
    "fastpriorityqueue": {
      "version": "0.7.4",
      "resolved": "https://registry.npmjs.org/fastpriorityqueue/-/fastpriorityqueue-0.7.4.tgz",
      "integrity": "sha512-u7o5oa9R7CMOHo2i8P2/T2nRg5bg/0dDegDSJVzkVkMf/A318LNnujNLfpxlJeXUdDAefrVPqsDV624vUyxNfA=="
    },
    "minimist": {
      "version": "1.2.8",
      "resolved": "https://registry.npmjs.org/minimist/-/minimist-1.2.8.tgz",
      "integrity": "sha512-2yyAR8qBkN3YuheJanUpWC5U3bb5osDywNB8RzDVlDwDHbocAJveqqj1u8+SVD7jkWT4yvsHCpWqqWqAxb0zCA=="
    }
  }
}
